
Microsoft Visual Studio Solution File, Format Version 12.00
# Visual Studio Version 17
VisualStudioVersion = 17.8.34525.116
MinimumVisualStudioVersion = 10.0.40219.1
Project("{FAE04EC0-301F-11D3-BF4B-00C04F79EFBC}") = "MonoPraksaDay2.WebAPI", "MonoPraksaDay2.WebAPI\MonoPraksaDay2.WebAPI.csproj", "{04F8EE54-A0DF-42B6-9E64-3AED8E756A5F}"
EndProject
Project("{FAE04EC0-301F-11D3-BF4B-00C04F79EFBC}") = "MonoPraksaDay2.Repository", "MonoPraksaDay2.Repository\MonoPraksaDay2.Repository.csproj", "{C977A9B9-1BF3-45C6-9B75-92FF5CA611ED}"
EndProject
Project("{FAE04EC0-301F-11D3-BF4B-00C04F79EFBC}") = "MonoPraksaDay2.Model", "MonoPraksaDay2.Model\MonoPraksaDay2.Model.csproj", "{8128D3A3-F7B3-458F-A4D9-E3EE75B9BAFD}"
EndProject
Project("{FAE04EC0-301F-11D3-BF4B-00C04F79EFBC}") = "MonoPraksaDay2.Service", "MonoPraksaDay2.Service\MonoPraksaDay2.Service.csproj", "{1439DFE0-47FF-42E6-A32A-6D4860550560}"
EndProject
Project("{FAE04EC0-301F-11D3-BF4B-00C04F79EFBC}") = "Repository.Common", "Repository.Common\Repository.Common.csproj", "{12D5DE3B-9387-4535-84AE-D66271BCF7F6}"
EndProject
Project("{FAE04EC0-301F-11D3-BF4B-00C04F79EFBC}") = "Model.Common", "Model.Common\Model.Common.csproj", "{F1B83536-F6A7-4A5E-A891-A480EFCF00D5}"
EndProject
Project("{FAE04EC0-301F-11D3-BF4B-00C04F79EFBC}") = "Service.Common", "Service.Common\Service.Common.csproj", "{B8CA88AE-12DD-4905-B280-52978411620A}"
EndProject
Global
	GlobalSection(SolutionConfigurationPlatforms) = preSolution
		Debug|Any CPU = Debug|Any CPU
		Release|Any CPU = Release|Any CPU
	EndGlobalSection
	GlobalSection(ProjectConfigurationPlatforms) = postSolution
		{04F8EE54-A0DF-42B6-9E64-3AED8E756A5F}.Debug|Any CPU.ActiveCfg = Debug|Any CPU
		{04F8EE54-A0DF-42B6-9E64-3AED8E756A5F}.Debug|Any CPU.Build.0 = Debug|Any CPU
		{04F8EE54-A0DF-42B6-9E64-3AED8E756A5F}.Release|Any CPU.ActiveCfg = Release|Any CPU
		{04F8EE54-A0DF-42B6-9E64-3AED8E756A5F}.Release|Any CPU.Build.0 = Release|Any CPU
		{C977A9B9-1BF3-45C6-9B75-92FF5CA611ED}.Debug|Any CPU.ActiveCfg = Debug|Any CPU
		{C977A9B9-1BF3-45C6-9B75-92FF5CA611ED}.Debug|Any CPU.Build.0 = Debug|Any CPU
		{C977A9B9-1BF3-45C6-9B75-92FF5CA611ED}.Release|Any CPU.ActiveCfg = Release|Any CPU
		{C977A9B9-1BF3-45C6-9B75-92FF5CA611ED}.Release|Any CPU.Build.0 = Release|Any CPU
		{8128D3A3-F7B3-458F-A4D9-E3EE75B9BAFD}.Debug|Any CPU.ActiveCfg = Debug|Any CPU
		{8128D3A3-F7B3-458F-A4D9-E3EE75B9BAFD}.Debug|Any CPU.Build.0 = Debug|Any CPU
		{8128D3A3-F7B3-458F-A4D9-E3EE75B9BAFD}.Release|Any CPU.ActiveCfg = Release|Any CPU
		{8128D3A3-F7B3-458F-A4D9-E3EE75B9BAFD}.Release|Any CPU.Build.0 = Release|Any CPU
		{1439DFE0-47FF-42E6-A32A-6D4860550560}.Debug|Any CPU.ActiveCfg = Debug|Any CPU
		{1439DFE0-47FF-42E6-A32A-6D4860550560}.Debug|Any CPU.Build.0 = Debug|Any CPU
		{1439DFE0-47FF-42E6-A32A-6D4860550560}.Release|Any CPU.ActiveCfg = Release|Any CPU
		{1439DFE0-47FF-42E6-A32A-6D4860550560}.Release|Any CPU.Build.0 = Release|Any CPU
		{12D5DE3B-9387-4535-84AE-D66271BCF7F6}.Debug|Any CPU.ActiveCfg = Debug|Any CPU
		{12D5DE3B-9387-4535-84AE-D66271BCF7F6}.Debug|Any CPU.Build.0 = Debug|Any CPU
		{12D5DE3B-9387-4535-84AE-D66271BCF7F6}.Release|Any CPU.ActiveCfg = Release|Any CPU
		{12D5DE3B-9387-4535-84AE-D66271BCF7F6}.Release|Any CPU.Build.0 = Release|Any CPU
		{F1B83536-F6A7-4A5E-A891-A480EFCF00D5}.Debug|Any CPU.ActiveCfg = Debug|Any CPU
		{F1B83536-F6A7-4A5E-A891-A480EFCF00D5}.Debug|Any CPU.Build.0 = Debug|Any CPU
		{F1B83536-F6A7-4A5E-A891-A480EFCF00D5}.Release|Any CPU.ActiveCfg = Release|Any CPU
		{F1B83536-F6A7-4A5E-A891-A480EFCF00D5}.Release|Any CPU.Build.0 = Release|Any CPU
		{B8CA88AE-12DD-4905-B280-52978411620A}.Debug|Any CPU.ActiveCfg = Debug|Any CPU
		{B8CA88AE-12DD-4905-B280-52978411620A}.Debug|Any CPU.Build.0 = Debug|Any CPU
		{B8CA88AE-12DD-4905-B280-52978411620A}.Release|Any CPU.ActiveCfg = Release|Any CPU
		{B8CA88AE-12DD-4905-B280-52978411620A}.Release|Any CPU.Build.0 = Release|Any CPU
	EndGlobalSection
	GlobalSection(SolutionProperties) = preSolution
		HideSolutionNode = FALSE
	EndGlobalSection
	GlobalSection(ExtensibilityGlobals) = postSolution
		SolutionGuid = {ADAF0359-0854-4A81-838F-16B51C31694C}
	EndGlobalSection
EndGlobal
